// !$*UTF8*$!
{
	archiveVersion = 1;
	classes = {
	};
	objectVersion = 56;
	objects = {

/* Begin PBXBuildFile section */
		0327783C39D8C6B519D29966 /* BrewLogUseCase.swift in Sources */ = {isa = PBXBuildFile; fileRef = 5110E53AC6D8F21D543414AC /* BrewLogUseCase.swift */; };
		0AE30A67C5D3FF800732AC0F /* AppDependencies.swift in Sources */ = {isa = PBXBuildFile; fileRef = 6C98B2E0DE233066F7DFAD49 /* AppDependencies.swift */; };
		0C9E9BC6DED66E5DA4C944E5 /* BeanRepository.swift in Sources */ = {isa = PBXBuildFile; fileRef = 3438AA798D007DFDA6AF5354 /* BeanRepository.swift */; };
		1850F3EC5260C71C53D35D1E /* BrewSessionLiveActivityResolutionTests.swift in Sources */ = {isa = PBXBuildFile; fileRef = 4851DB1418B7E819CB7B8033 /* BrewSessionLiveActivityResolutionTests.swift */; };
		1B31B21F8C9F99BCE5018644 /* BrewSessionActivityAttributes.swift in Sources */ = {isa = PBXBuildFile; fileRef = AF3148B6E00BB7E9F110FC24 /* BrewSessionActivityAttributes.swift */; };
		3964391BD092E82447C5055D /* BrewPlannerTests.swift in Sources */ = {isa = PBXBuildFile; fileRef = B95111BD7CBE2ABE52643E37 /* BrewPlannerTests.swift */; };
		39F6D84F3219ADEDCC4D9A0D /* BrewSessionLiveActivityWidget.swift in Sources */ = {isa = PBXBuildFile; fileRef = 9BA37463D3200204095F604F /* BrewSessionLiveActivityWidget.swift */; };
		3C7D9FB08A79E639DBF058BA /* AppStore.swift in Sources */ = {isa = PBXBuildFile; fileRef = 6A6CCF050417A12E47A8753A /* AppStore.swift */; };
		4B1C50F9765AA4909648C3E6 /* BeanUseCaseTests.swift in Sources */ = {isa = PBXBuildFile; fileRef = 700F9A3B36F51B53861686F1 /* BeanUseCaseTests.swift */; };
		5409804587117F49AF4DC0AB /* BrewSessionLiveActivityPayloadBuilderTests.swift in Sources */ = {isa = PBXBuildFile; fileRef = 399CDF4D1DB8BDFFC91542BE /* BrewSessionLiveActivityPayloadBuilderTests.swift */; };
		5905477BD2809DC092E9A61C /* BrewSessionModel.swift in Sources */ = {isa = PBXBuildFile; fileRef = 44C8E86B7C15D777D790F919 /* BrewSessionModel.swift */; };
		5F847674FB7A27A17F30B181 /* BrewSessionLiveActivityPayloadBuilder.swift in Sources */ = {isa = PBXBuildFile; fileRef = C6050068EB853E9C053DB5D7 /* BrewSessionLiveActivityPayloadBuilder.swift */; };
		648CE2EBAAF51FA9055E669E /* BrewSessionModelLiveActivityTests.swift in Sources */ = {isa = PBXBuildFile; fileRef = E095BE452C75266B2BD04889 /* BrewSessionModelLiveActivityTests.swift */; };
		6A8E6BDF11396A23F0ADC47F /* BrewPlanner.swift in Sources */ = {isa = PBXBuildFile; fileRef = 1C4A1F41E3B717BD1D95ECF0 /* BrewPlanner.swift */; };
		7041FBFEC87CAA20AE69AF76 /* HomeView.swift in Sources */ = {isa = PBXBuildFile; fileRef = 206EB8AD08062974E927C867 /* HomeView.swift */; };
		73DAFC68375585DD47BF065F /* AppStoreTests.swift in Sources */ = {isa = PBXBuildFile; fileRef = 2EE7D09F8CA25D7EBC999D8E /* AppStoreTests.swift */; };
		761F2BF6620246F376A44DD6 /* BeanUseCase.swift in Sources */ = {isa = PBXBuildFile; fileRef = 81A632FA20130E08AE4DDA98 /* BeanUseCase.swift */; };
		7749B2136C9FC12EC3D1A724 /* SwiftDataBeanRepository.swift in Sources */ = {isa = PBXBuildFile; fileRef = EB38EBE9450E89CFB6481499 /* SwiftDataBeanRepository.swift */; };
		8153AEBCC168482BD5578F2D /* BrewModels.swift in Sources */ = {isa = PBXBuildFile; fileRef = 25BB5340479D43A70B3915FE /* BrewModels.swift */; };
		85B5F4DF92A9B4B2F59AD1D0 /* FourSixCoffeeLiveActivityExtension.appex in Embed Foundation Extensions */ = {isa = PBXBuildFile; fileRef = 2507063F9545E308BDC243F2 /* FourSixCoffeeLiveActivityExtension.appex */; settings = {ATTRIBUTES = (RemoveHeadersOnCopy, ); }; };
		92B60F5860B88F09A5D0342E /* BrewSessionLiveActivityManager.swift in Sources */ = {isa = PBXBuildFile; fileRef = 45188282B1F4A03925C4BD1C /* BrewSessionLiveActivityManager.swift */; };
		97282535B9435CF346488501 /* BrewLogsView.swift in Sources */ = {isa = PBXBuildFile; fileRef = 39706010236FC957564111EE /* BrewLogsView.swift */; };
		98133757954F5BE28B67F5FA /* BrewSessionActivityAttributes.swift in Sources */ = {isa = PBXBuildFile; fileRef = AF3148B6E00BB7E9F110FC24 /* BrewSessionActivityAttributes.swift */; };
		A92DD6A1A1A3CE439B71AA9D /* SwiftDataBrewLogRepository.swift in Sources */ = {isa = PBXBuildFile; fileRef = 94F7F03E78818132C9EF51BE /* SwiftDataBrewLogRepository.swift */; };
		AA5193AC91EB03B9D2E446D1 /* AppDesignTokens.swift in Sources */ = {isa = PBXBuildFile; fileRef = E1FE55CE8E55609231A4C601 /* AppDesignTokens.swift */; };
		BABC739BA5939366D8D4B6C2 /* PersistenceStack.swift in Sources */ = {isa = PBXBuildFile; fileRef = D3B1E2D586D0989DBB2083BC /* PersistenceStack.swift */; };
		BB81760E5226084661A6C872 /* BeansView.swift in Sources */ = {isa = PBXBuildFile; fileRef = CEEF6AFC5A982AE323662ADA /* BeansView.swift */; };
		C62773AEC5C02E8D8969FD4F /* FourSixCoffeeApp.swift in Sources */ = {isa = PBXBuildFile; fileRef = 49A351F116823D94C84DF92B /* FourSixCoffeeApp.swift */; };
		C673D320E4C4B5DA4659ACC6 /* SwiftDataRepositoriesTests.swift in Sources */ = {isa = PBXBuildFile; fileRef = A1119D83DF0E94E9694F8624 /* SwiftDataRepositoriesTests.swift */; };
		C730AAB840F8948FC3D9C8DA /* BrewLogEntity.swift in Sources */ = {isa = PBXBuildFile; fileRef = 5B93E3A95A7C164F39CB7BC6 /* BrewLogEntity.swift */; };
		CD1EA62C9554EADAAA756FD6 /* BrewAssistantView.swift in Sources */ = {isa = PBXBuildFile; fileRef = A032B286F9767A1531D5FED2 /* BrewAssistantView.swift */; };
		D4FF83005371256CE3320CA7 /* BrewLogRepository.swift in Sources */ = {isa = PBXBuildFile; fileRef = 47C60E5AC2303A6DCEDAF8AD /* BrewLogRepository.swift */; };
		D710A40C5F50838028253449 /* BeanEntity.swift in Sources */ = {isa = PBXBuildFile; fileRef = 2A9CB9AEACE6F942E546C0A6 /* BeanEntity.swift */; };
		DC0ADB8A60CB43CD152DF0CC /* InMemoryRepositories.swift in Sources */ = {isa = PBXBuildFile; fileRef = CC038F387DDAA71E8C784FFD /* InMemoryRepositories.swift */; };
		E152A1EAAA86BEEE994C506F /* MainTabView.swift in Sources */ = {isa = PBXBuildFile; fileRef = 134C29672E1D64C982C98011 /* MainTabView.swift */; };
		E2D880844F9DE16D1432E92B /* SampleData.swift in Sources */ = {isa = PBXBuildFile; fileRef = 0E8108DC79E368692E9A3FDE /* SampleData.swift */; };
		E61ED182B7FCCA94024C3D42 /* SettingsView.swift in Sources */ = {isa = PBXBuildFile; fileRef = 6D0A7FAAEA0A7B513F56D726 /* SettingsView.swift */; };
		F60511F811FEA1C71F655B1C /* BrewLogUseCaseTests.swift in Sources */ = {isa = PBXBuildFile; fileRef = 1F379F6852D93233258022E1 /* BrewLogUseCaseTests.swift */; };
/* End PBXBuildFile section */

/* Begin PBXContainerItemProxy section */
		3903A7C15C9EB33A7CCC1E13 /* PBXContainerItemProxy */ = {
			isa = PBXContainerItemProxy;
			containerPortal = 2B15AF3C007C13F5C6DFD271 /* Project object */;
			proxyType = 1;
			remoteGlobalIDString = 2C31A34DB9B5C34D7AE9FEE0;
			remoteInfo = FourSixCoffee;
		};
		8D3052ABD44674BEA32F63AE /* PBXContainerItemProxy */ = {
			isa = PBXContainerItemProxy;
			containerPortal = 2B15AF3C007C13F5C6DFD271 /* Project object */;
			proxyType = 1;
			remoteGlobalIDString = 705C6D7BA25B01304043DE8E;
			remoteInfo = FourSixCoffeeLiveActivityExtension;
		};
/* End PBXContainerItemProxy section */

/* Begin PBXCopyFilesBuildPhase section */
		41990C2AE9649DE1B8D13792 /* Embed Foundation Extensions */ = {
			isa = PBXCopyFilesBuildPhase;
			buildActionMask = 2147483647;
			dstPath = "";
			dstSubfolderSpec = 13;
			files = (
				85B5F4DF92A9B4B2F59AD1D0 /* FourSixCoffeeLiveActivityExtension.appex in Embed Foundation Extensions */,
			);
			name = "Embed Foundation Extensions";
			runOnlyForDeploymentPostprocessing = 0;
		};
/* End PBXCopyFilesBuildPhase section */

/* Begin PBXFileReference section */
		0E8108DC79E368692E9A3FDE /* SampleData.swift */ = {isa = PBXFileReference; lastKnownFileType = sourcecode.swift; path = SampleData.swift; sourceTree = "<group>"; };
		134C29672E1D64C982C98011 /* MainTabView.swift */ = {isa = PBXFileReference; lastKnownFileType = sourcecode.swift; path = MainTabView.swift; sourceTree = "<group>"; };
		1C3044F13F3CE2AF4AB184A9 /* Info.plist */ = {isa = PBXFileReference; lastKnownFileType = text.plist; path = Info.plist; sourceTree = "<group>"; };
		1C4A1F41E3B717BD1D95ECF0 /* BrewPlanner.swift */ = {isa = PBXFileReference; lastKnownFileType = sourcecode.swift; path = BrewPlanner.swift; sourceTree = "<group>"; };
		1F379F6852D93233258022E1 /* BrewLogUseCaseTests.swift */ = {isa = PBXFileReference; lastKnownFileType = sourcecode.swift; path = BrewLogUseCaseTests.swift; sourceTree = "<group>"; };
		206EB8AD08062974E927C867 /* HomeView.swift */ = {isa = PBXFileReference; lastKnownFileType = sourcecode.swift; path = HomeView.swift; sourceTree = "<group>"; };
		2507063F9545E308BDC243F2 /* FourSixCoffeeLiveActivityExtension.appex */ = {isa = PBXFileReference; explicitFileType = "wrapper.app-extension"; includeInIndex = 0; path = FourSixCoffeeLiveActivityExtension.appex; sourceTree = BUILT_PRODUCTS_DIR; };
		25BB5340479D43A70B3915FE /* BrewModels.swift */ = {isa = PBXFileReference; lastKnownFileType = sourcecode.swift; path = BrewModels.swift; sourceTree = "<group>"; };
		2A9CB9AEACE6F942E546C0A6 /* BeanEntity.swift */ = {isa = PBXFileReference; lastKnownFileType = sourcecode.swift; path = BeanEntity.swift; sourceTree = "<group>"; };
		2EE7D09F8CA25D7EBC999D8E /* AppStoreTests.swift */ = {isa = PBXFileReference; lastKnownFileType = sourcecode.swift; path = AppStoreTests.swift; sourceTree = "<group>"; };
		3438AA798D007DFDA6AF5354 /* BeanRepository.swift */ = {isa = PBXFileReference; lastKnownFileType = sourcecode.swift; path = BeanRepository.swift; sourceTree = "<group>"; };
		39706010236FC957564111EE /* BrewLogsView.swift */ = {isa = PBXFileReference; lastKnownFileType = sourcecode.swift; path = BrewLogsView.swift; sourceTree = "<group>"; };
		399CDF4D1DB8BDFFC91542BE /* BrewSessionLiveActivityPayloadBuilderTests.swift */ = {isa = PBXFileReference; lastKnownFileType = sourcecode.swift; path = BrewSessionLiveActivityPayloadBuilderTests.swift; sourceTree = "<group>"; };
		44C8E86B7C15D777D790F919 /* BrewSessionModel.swift */ = {isa = PBXFileReference; lastKnownFileType = sourcecode.swift; path = BrewSessionModel.swift; sourceTree = "<group>"; };
		45188282B1F4A03925C4BD1C /* BrewSessionLiveActivityManager.swift */ = {isa = PBXFileReference; lastKnownFileType = sourcecode.swift; path = BrewSessionLiveActivityManager.swift; sourceTree = "<group>"; };
		47C60E5AC2303A6DCEDAF8AD /* BrewLogRepository.swift */ = {isa = PBXFileReference; lastKnownFileType = sourcecode.swift; path = BrewLogRepository.swift; sourceTree = "<group>"; };
		4851DB1418B7E819CB7B8033 /* BrewSessionLiveActivityResolutionTests.swift */ = {isa = PBXFileReference; lastKnownFileType = sourcecode.swift; path = BrewSessionLiveActivityResolutionTests.swift; sourceTree = "<group>"; };
		49A351F116823D94C84DF92B /* FourSixCoffeeApp.swift */ = {isa = PBXFileReference; lastKnownFileType = sourcecode.swift; path = FourSixCoffeeApp.swift; sourceTree = "<group>"; };
		5110E53AC6D8F21D543414AC /* BrewLogUseCase.swift */ = {isa = PBXFileReference; lastKnownFileType = sourcecode.swift; path = BrewLogUseCase.swift; sourceTree = "<group>"; };
		5B93E3A95A7C164F39CB7BC6 /* BrewLogEntity.swift */ = {isa = PBXFileReference; lastKnownFileType = sourcecode.swift; path = BrewLogEntity.swift; sourceTree = "<group>"; };
		6A6CCF050417A12E47A8753A /* AppStore.swift */ = {isa = PBXFileReference; lastKnownFileType = sourcecode.swift; path = AppStore.swift; sourceTree = "<group>"; };
		6C98B2E0DE233066F7DFAD49 /* AppDependencies.swift */ = {isa = PBXFileReference; lastKnownFileType = sourcecode.swift; path = AppDependencies.swift; sourceTree = "<group>"; };
		6D0A7FAAEA0A7B513F56D726 /* SettingsView.swift */ = {isa = PBXFileReference; lastKnownFileType = sourcecode.swift; path = SettingsView.swift; sourceTree = "<group>"; };
		700F9A3B36F51B53861686F1 /* BeanUseCaseTests.swift */ = {isa = PBXFileReference; lastKnownFileType = sourcecode.swift; path = BeanUseCaseTests.swift; sourceTree = "<group>"; };
		81A632FA20130E08AE4DDA98 /* BeanUseCase.swift */ = {isa = PBXFileReference; lastKnownFileType = sourcecode.swift; path = BeanUseCase.swift; sourceTree = "<group>"; };
		94F7F03E78818132C9EF51BE /* SwiftDataBrewLogRepository.swift */ = {isa = PBXFileReference; lastKnownFileType = sourcecode.swift; path = SwiftDataBrewLogRepository.swift; sourceTree = "<group>"; };
		9BA37463D3200204095F604F /* BrewSessionLiveActivityWidget.swift */ = {isa = PBXFileReference; lastKnownFileType = sourcecode.swift; path = BrewSessionLiveActivityWidget.swift; sourceTree = "<group>"; };
		A032B286F9767A1531D5FED2 /* BrewAssistantView.swift */ = {isa = PBXFileReference; lastKnownFileType = sourcecode.swift; path = BrewAssistantView.swift; sourceTree = "<group>"; };
		A1119D83DF0E94E9694F8624 /* SwiftDataRepositoriesTests.swift */ = {isa = PBXFileReference; lastKnownFileType = sourcecode.swift; path = SwiftDataRepositoriesTests.swift; sourceTree = "<group>"; };
		AF3148B6E00BB7E9F110FC24 /* BrewSessionActivityAttributes.swift */ = {isa = PBXFileReference; lastKnownFileType = sourcecode.swift; path = BrewSessionActivityAttributes.swift; sourceTree = "<group>"; };
		B95111BD7CBE2ABE52643E37 /* BrewPlannerTests.swift */ = {isa = PBXFileReference; lastKnownFileType = sourcecode.swift; path = BrewPlannerTests.swift; sourceTree = "<group>"; };
		C5DF3D03AEB070C98DC5FEF4 /* Info.plist */ = {isa = PBXFileReference; lastKnownFileType = text.plist; path = Info.plist; sourceTree = "<group>"; };
		C6050068EB853E9C053DB5D7 /* BrewSessionLiveActivityPayloadBuilder.swift */ = {isa = PBXFileReference; lastKnownFileType = sourcecode.swift; path = BrewSessionLiveActivityPayloadBuilder.swift; sourceTree = "<group>"; };
		CA47F9EDB93CA791F0C0203E /* FourSixCoffee.app */ = {isa = PBXFileReference; explicitFileType = wrapper.application; includeInIndex = 0; path = FourSixCoffee.app; sourceTree = BUILT_PRODUCTS_DIR; };
		CACF9E85724130EA9BA9BDEB /* FourSixCoffeeTests.xctest */ = {isa = PBXFileReference; includeInIndex = 0; lastKnownFileType = wrapper.cfbundle; path = FourSixCoffeeTests.xctest; sourceTree = BUILT_PRODUCTS_DIR; };
		CC038F387DDAA71E8C784FFD /* InMemoryRepositories.swift */ = {isa = PBXFileReference; lastKnownFileType = sourcecode.swift; path = InMemoryRepositories.swift; sourceTree = "<group>"; };
		CEEF6AFC5A982AE323662ADA /* BeansView.swift */ = {isa = PBXFileReference; lastKnownFileType = sourcecode.swift; path = BeansView.swift; sourceTree = "<group>"; };
		D3B1E2D586D0989DBB2083BC /* PersistenceStack.swift */ = {isa = PBXFileReference; lastKnownFileType = sourcecode.swift; path = PersistenceStack.swift; sourceTree = "<group>"; };
		E095BE452C75266B2BD04889 /* BrewSessionModelLiveActivityTests.swift */ = {isa = PBXFileReference; lastKnownFileType = sourcecode.swift; path = BrewSessionModelLiveActivityTests.swift; sourceTree = "<group>"; };
		E1FE55CE8E55609231A4C601 /* AppDesignTokens.swift */ = {isa = PBXFileReference; lastKnownFileType = sourcecode.swift; path = AppDesignTokens.swift; sourceTree = "<group>"; };
		EB38EBE9450E89CFB6481499 /* SwiftDataBeanRepository.swift */ = {isa = PBXFileReference; lastKnownFileType = sourcecode.swift; path = SwiftDataBeanRepository.swift; sourceTree = "<group>"; };
/* End PBXFileReference section */

/* Begin PBXGroup section */
		0000D30E69E8095D2587352B /* BrewAssistant */ = {
			isa = PBXGroup;
			children = (
				A032B286F9767A1531D5FED2 /* BrewAssistantView.swift */,
				44C8E86B7C15D777D790F919 /* BrewSessionModel.swift */,
			);
			path = BrewAssistant;
			sourceTree = "<group>";
		};
		1421C36691B659E181093313 /* TestDoubles */ = {
			isa = PBXGroup;
			children = (
				CC038F387DDAA71E8C784FFD /* InMemoryRepositories.swift */,
			);
			path = TestDoubles;
			sourceTree = "<group>";
		};
		1452F124E59936187A03581C /* Home */ = {
			isa = PBXGroup;
			children = (
				206EB8AD08062974E927C867 /* HomeView.swift */,
				134C29672E1D64C982C98011 /* MainTabView.swift */,
			);
			path = Home;
			sourceTree = "<group>";
		};
		14CDCF4CF3121D47B550EA1F /* Models */ = {
			isa = PBXGroup;
			children = (
				6A6CCF050417A12E47A8753A /* AppStore.swift */,
				25BB5340479D43A70B3915FE /* BrewModels.swift */,
				1C4A1F41E3B717BD1D95ECF0 /* BrewPlanner.swift */,
			);
			path = Models;
			sourceTree = "<group>";
		};
		1D080FC233602158E8359C3D = {
			isa = PBXGroup;
			children = (
				F22E7BFAB3D0C1789692D22F /* Sources */,
				A9927C09CC319223519B7C3C /* Tests */,
				C9B6C2CC07316789FBA5FB98 /* Products */,
			);
			sourceTree = "<group>";
		};
		33D60D90818A6C0D591E84C0 /* Beans */ = {
			isa = PBXGroup;
			children = (
				CEEF6AFC5A982AE323662ADA /* BeansView.swift */,
			);
			path = Beans;
			sourceTree = "<group>";
		};
		47761AE73741B621D3D1AF7D /* Persistence */ = {
			isa = PBXGroup;
			children = (
				CFEB469902F34326DCC06A1E /* SwiftData */,
			);
			path = Persistence;
			sourceTree = "<group>";
		};
		51ACBDFFE33CB73CF85208B3 /* Domain */ = {
			isa = PBXGroup;
			children = (
				DD8FBB15552296AF50DFB63E /* Repositories */,
			);
			path = Domain;
			sourceTree = "<group>";
		};
		71EA9D02210AB12C73C19133 /* Shared */ = {
			isa = PBXGroup;
			children = (
				AF3148B6E00BB7E9F110FC24 /* BrewSessionActivityAttributes.swift */,
			);
			path = Shared;
			sourceTree = "<group>";
		};
		80F4136D39A198E169812273 /* Theme */ = {
			isa = PBXGroup;
			children = (
				E1FE55CE8E55609231A4C601 /* AppDesignTokens.swift */,
			);
			path = Theme;
			sourceTree = "<group>";
		};
		81A106A1867B93D482492390 /* Features */ = {
			isa = PBXGroup;
			children = (
				33D60D90818A6C0D591E84C0 /* Beans */,
				0000D30E69E8095D2587352B /* BrewAssistant */,
				AAFD6FC46E86A4F30924214F /* BrewLogs */,
				1452F124E59936187A03581C /* Home */,
				D0D0E5ECA5CF5EFF2B67805A /* Settings */,
			);
			path = Features;
			sourceTree = "<group>";
		};
		94A20BF103FF1709044F2FB6 /* UseCases */ = {
			isa = PBXGroup;
			children = (
				81A632FA20130E08AE4DDA98 /* BeanUseCase.swift */,
				5110E53AC6D8F21D543414AC /* BrewLogUseCase.swift */,
			);
			path = UseCases;
			sourceTree = "<group>";
		};
		9D95EBF4CA4A61ABE29CC9CC /* LiveActivity */ = {
			isa = PBXGroup;
			children = (
				45188282B1F4A03925C4BD1C /* BrewSessionLiveActivityManager.swift */,
				C6050068EB853E9C053DB5D7 /* BrewSessionLiveActivityPayloadBuilder.swift */,
			);
			path = LiveActivity;
			sourceTree = "<group>";
		};
		A5E6FE6CA2B368EDF7B0DCF4 /* Application */ = {
			isa = PBXGroup;
			children = (
				94A20BF103FF1709044F2FB6 /* UseCases */,
			);
			path = Application;
			sourceTree = "<group>";
		};
		A9927C09CC319223519B7C3C /* Tests */ = {
			isa = PBXGroup;
			children = (
				B47A16675E1C1C2641688C47 /* FourSixCoffeeTests */,
			);
			path = Tests;
			sourceTree = "<group>";
		};
		AAFD6FC46E86A4F30924214F /* BrewLogs */ = {
			isa = PBXGroup;
			children = (
				39706010236FC957564111EE /* BrewLogsView.swift */,
			);
			path = BrewLogs;
			sourceTree = "<group>";
		};
		B47A16675E1C1C2641688C47 /* FourSixCoffeeTests */ = {
			isa = PBXGroup;
			children = (
				2EE7D09F8CA25D7EBC999D8E /* AppStoreTests.swift */,
				700F9A3B36F51B53861686F1 /* BeanUseCaseTests.swift */,
				1F379F6852D93233258022E1 /* BrewLogUseCaseTests.swift */,
				B95111BD7CBE2ABE52643E37 /* BrewPlannerTests.swift */,
				399CDF4D1DB8BDFFC91542BE /* BrewSessionLiveActivityPayloadBuilderTests.swift */,
				4851DB1418B7E819CB7B8033 /* BrewSessionLiveActivityResolutionTests.swift */,
				E095BE452C75266B2BD04889 /* BrewSessionModelLiveActivityTests.swift */,
				A1119D83DF0E94E9694F8624 /* SwiftDataRepositoriesTests.swift */,
				1421C36691B659E181093313 /* TestDoubles */,
			);
			path = FourSixCoffeeTests;
			sourceTree = "<group>";
		};
		BEC86C18A80BFFE5C85176B1 /* Infrastructure */ = {
			isa = PBXGroup;
			children = (
				47761AE73741B621D3D1AF7D /* Persistence */,
			);
			path = Infrastructure;
			sourceTree = "<group>";
		};
		C09A0B2BCE27544E97A67439 /* Preview */ = {
			isa = PBXGroup;
			children = (
				0E8108DC79E368692E9A3FDE /* SampleData.swift */,
			);
			path = Preview;
			sourceTree = "<group>";
		};
		C9B6C2CC07316789FBA5FB98 /* Products */ = {
			isa = PBXGroup;
			children = (
				CA47F9EDB93CA791F0C0203E /* FourSixCoffee.app */,
				2507063F9545E308BDC243F2 /* FourSixCoffeeLiveActivityExtension.appex */,
				CACF9E85724130EA9BA9BDEB /* FourSixCoffeeTests.xctest */,
			);
			name = Products;
			sourceTree = "<group>";
		};
		CFEB469902F34326DCC06A1E /* SwiftData */ = {
			isa = PBXGroup;
			children = (
				D3B1E2D586D0989DBB2083BC /* PersistenceStack.swift */,
				D85BDB61AFDFE18490A2D684 /* Entities */,
				D023E48D586122F502809FCB /* Repositories */,
			);
			path = SwiftData;
			sourceTree = "<group>";
		};
		D023E48D586122F502809FCB /* Repositories */ = {
			isa = PBXGroup;
			children = (
				EB38EBE9450E89CFB6481499 /* SwiftDataBeanRepository.swift */,
				94F7F03E78818132C9EF51BE /* SwiftDataBrewLogRepository.swift */,
			);
			path = Repositories;
			sourceTree = "<group>";
		};
		D0D0E5ECA5CF5EFF2B67805A /* Settings */ = {
			isa = PBXGroup;
			children = (
				6D0A7FAAEA0A7B513F56D726 /* SettingsView.swift */,
			);
			path = Settings;
			sourceTree = "<group>";
		};
		D85BDB61AFDFE18490A2D684 /* Entities */ = {
			isa = PBXGroup;
			children = (
				2A9CB9AEACE6F942E546C0A6 /* BeanEntity.swift */,
				5B93E3A95A7C164F39CB7BC6 /* BrewLogEntity.swift */,
			);
			path = Entities;
			sourceTree = "<group>";
		};
		DD8FBB15552296AF50DFB63E /* Repositories */ = {
			isa = PBXGroup;
			children = (
				3438AA798D007DFDA6AF5354 /* BeanRepository.swift */,
				47C60E5AC2303A6DCEDAF8AD /* BrewLogRepository.swift */,
			);
			path = Repositories;
			sourceTree = "<group>";
		};
		E96E63D93F2A13EE481A4258 /* FourSixCoffee */ = {
			isa = PBXGroup;
			children = (
				49A351F116823D94C84DF92B /* FourSixCoffeeApp.swift */,
				C5DF3D03AEB070C98DC5FEF4 /* Info.plist */,
				F45547DE3A5D827AB711F1D7 /* App */,
				A5E6FE6CA2B368EDF7B0DCF4 /* Application */,
				51ACBDFFE33CB73CF85208B3 /* Domain */,
				81A106A1867B93D482492390 /* Features */,
				BEC86C18A80BFFE5C85176B1 /* Infrastructure */,
				9D95EBF4CA4A61ABE29CC9CC /* LiveActivity */,
				14CDCF4CF3121D47B550EA1F /* Models */,
				C09A0B2BCE27544E97A67439 /* Preview */,
				80F4136D39A198E169812273 /* Theme */,
			);
			path = FourSixCoffee;
			sourceTree = "<group>";
		};
		F22E7BFAB3D0C1789692D22F /* Sources */ = {
			isa = PBXGroup;
			children = (
				E96E63D93F2A13EE481A4258 /* FourSixCoffee */,
				F7D3929E90B25307B94990E3 /* FourSixCoffeeLiveActivity */,
				71EA9D02210AB12C73C19133 /* Shared */,
			);
			path = Sources;
			sourceTree = "<group>";
		};
		F45547DE3A5D827AB711F1D7 /* App */ = {
			isa = PBXGroup;
			children = (
				6C98B2E0DE233066F7DFAD49 /* AppDependencies.swift */,
			);
			path = App;
			sourceTree = "<group>";
		};
		F7D3929E90B25307B94990E3 /* FourSixCoffeeLiveActivity */ = {
			isa = PBXGroup;
			children = (
				9BA37463D3200204095F604F /* BrewSessionLiveActivityWidget.swift */,
				1C3044F13F3CE2AF4AB184A9 /* Info.plist */,
			);
			path = FourSixCoffeeLiveActivity;
			sourceTree = "<group>";
		};
/* End PBXGroup section */

/* Begin PBXNativeTarget section */
		2C31A34DB9B5C34D7AE9FEE0 /* FourSixCoffee */ = {
			isa = PBXNativeTarget;
			buildConfigurationList = 2D27AD5506D60524B7A5925C /* Build configuration list for PBXNativeTarget "FourSixCoffee" */;
			buildPhases = (
				9C8AB22D0CB7723AD60B2C54 /* Sources */,
				41990C2AE9649DE1B8D13792 /* Embed Foundation Extensions */,
			);
			buildRules = (
			);
			dependencies = (
				8C79A5A8F11A14FCBB9C5858 /* PBXTargetDependency */,
			);
			name = FourSixCoffee;
			productName = FourSixCoffee;
			productReference = CA47F9EDB93CA791F0C0203E /* FourSixCoffee.app */;
			productType = "com.apple.product-type.application";
		};
		671080E7F5F472802E853123 /* FourSixCoffeeTests */ = {
			isa = PBXNativeTarget;
			buildConfigurationList = CA961227F0D9EB22F25B67ED /* Build configuration list for PBXNativeTarget "FourSixCoffeeTests" */;
			buildPhases = (
				DBABE296FD2F92D9F34EB841 /* Sources */,
			);
			buildRules = (
			);
			dependencies = (
				6F388E3BDC52D271E712BDA2 /* PBXTargetDependency */,
			);
			name = FourSixCoffeeTests;
			productName = FourSixCoffeeTests;
			productReference = CACF9E85724130EA9BA9BDEB /* FourSixCoffeeTests.xctest */;
			productType = "com.apple.product-type.bundle.unit-test";
		};
		705C6D7BA25B01304043DE8E /* FourSixCoffeeLiveActivityExtension */ = {
			isa = PBXNativeTarget;
			buildConfigurationList = 2A35F44C6AE30CE453C0F55C /* Build configuration list for PBXNativeTarget "FourSixCoffeeLiveActivityExtension" */;
			buildPhases = (
				DB4AD33767EDC65630A7A0B4 /* Sources */,
			);
			buildRules = (
			);
			dependencies = (
			);
			name = FourSixCoffeeLiveActivityExtension;
			productName = FourSixCoffeeLiveActivityExtension;
			productReference = 2507063F9545E308BDC243F2 /* FourSixCoffeeLiveActivityExtension.appex */;
			productType = "com.apple.product-type.app-extension";
		};
/* End PBXNativeTarget section */

/* Begin PBXProject section */
		2B15AF3C007C13F5C6DFD271 /* Project object */ = {
			isa = PBXProject;
			attributes = {
				BuildIndependentTargetsInParallel = YES;
				LastUpgradeCheck = 1430;
			};
			buildConfigurationList = 800943CEBD91884A7EFD70E4 /* Build configuration list for PBXProject "FourSixCoffee" */;
			compatibilityVersion = "Xcode 14.0";
			developmentRegion = en;
			hasScannedForEncodings = 0;
			knownRegions = (
				Base,
				en,
			);
			mainGroup = 1D080FC233602158E8359C3D;
			projectDirPath = "";
			projectRoot = "";
			targets = (
				2C31A34DB9B5C34D7AE9FEE0 /* FourSixCoffee */,
				705C6D7BA25B01304043DE8E /* FourSixCoffeeLiveActivityExtension */,
				671080E7F5F472802E853123 /* FourSixCoffeeTests */,
			);
		};
/* End PBXProject section */

/* Begin PBXSourcesBuildPhase section */
		9C8AB22D0CB7723AD60B2C54 /* Sources */ = {
			isa = PBXSourcesBuildPhase;
			buildActionMask = 2147483647;
			files = (
				0AE30A67C5D3FF800732AC0F /* AppDependencies.swift in Sources */,
				AA5193AC91EB03B9D2E446D1 /* AppDesignTokens.swift in Sources */,
				3C7D9FB08A79E639DBF058BA /* AppStore.swift in Sources */,
				D710A40C5F50838028253449 /* BeanEntity.swift in Sources */,
				0C9E9BC6DED66E5DA4C944E5 /* BeanRepository.swift in Sources */,
				761F2BF6620246F376A44DD6 /* BeanUseCase.swift in Sources */,
				BB81760E5226084661A6C872 /* BeansView.swift in Sources */,
				CD1EA62C9554EADAAA756FD6 /* BrewAssistantView.swift in Sources */,
				C730AAB840F8948FC3D9C8DA /* BrewLogEntity.swift in Sources */,
				D4FF83005371256CE3320CA7 /* BrewLogRepository.swift in Sources */,
				0327783C39D8C6B519D29966 /* BrewLogUseCase.swift in Sources */,
				97282535B9435CF346488501 /* BrewLogsView.swift in Sources */,
				8153AEBCC168482BD5578F2D /* BrewModels.swift in Sources */,
				6A8E6BDF11396A23F0ADC47F /* BrewPlanner.swift in Sources */,
				98133757954F5BE28B67F5FA /* BrewSessionActivityAttributes.swift in Sources */,
				92B60F5860B88F09A5D0342E /* BrewSessionLiveActivityManager.swift in Sources */,
				5F847674FB7A27A17F30B181 /* BrewSessionLiveActivityPayloadBuilder.swift in Sources */,
				5905477BD2809DC092E9A61C /* BrewSessionModel.swift in Sources */,
				C62773AEC5C02E8D8969FD4F /* FourSixCoffeeApp.swift in Sources */,
				7041FBFEC87CAA20AE69AF76 /* HomeView.swift in Sources */,
				E152A1EAAA86BEEE994C506F /* MainTabView.swift in Sources */,
				BABC739BA5939366D8D4B6C2 /* PersistenceStack.swift in Sources */,
				E2D880844F9DE16D1432E92B /* SampleData.swift in Sources */,
				E61ED182B7FCCA94024C3D42 /* SettingsView.swift in Sources */,
				7749B2136C9FC12EC3D1A724 /* SwiftDataBeanRepository.swift in Sources */,
				A92DD6A1A1A3CE439B71AA9D /* SwiftDataBrewLogRepository.swift in Sources */,
			);
			runOnlyForDeploymentPostprocessing = 0;
		};
		DB4AD33767EDC65630A7A0B4 /* Sources */ = {
			isa = PBXSourcesBuildPhase;
			buildActionMask = 2147483647;
			files = (
				1B31B21F8C9F99BCE5018644 /* BrewSessionActivityAttributes.swift in Sources */,
				39F6D84F3219ADEDCC4D9A0D /* BrewSessionLiveActivityWidget.swift in Sources */,
			);
			runOnlyForDeploymentPostprocessing = 0;
		};
		DBABE296FD2F92D9F34EB841 /* Sources */ = {
			isa = PBXSourcesBuildPhase;
			buildActionMask = 2147483647;
			files = (
				73DAFC68375585DD47BF065F /* AppStoreTests.swift in Sources */,
				4B1C50F9765AA4909648C3E6 /* BeanUseCaseTests.swift in Sources */,
				F60511F811FEA1C71F655B1C /* BrewLogUseCaseTests.swift in Sources */,
				3964391BD092E82447C5055D /* BrewPlannerTests.swift in Sources */,
				5409804587117F49AF4DC0AB /* BrewSessionLiveActivityPayloadBuilderTests.swift in Sources */,
				1850F3EC5260C71C53D35D1E /* BrewSessionLiveActivityResolutionTests.swift in Sources */,
				648CE2EBAAF51FA9055E669E /* BrewSessionModelLiveActivityTests.swift in Sources */,
				DC0ADB8A60CB43CD152DF0CC /* InMemoryRepositories.swift in Sources */,
				C673D320E4C4B5DA4659ACC6 /* SwiftDataRepositoriesTests.swift in Sources */,
			);
			runOnlyForDeploymentPostprocessing = 0;
		};
/* End PBXSourcesBuildPhase section */

/* Begin PBXTargetDependency section */
		6F388E3BDC52D271E712BDA2 /* PBXTargetDependency */ = {
			isa = PBXTargetDependency;
			target = 2C31A34DB9B5C34D7AE9FEE0 /* FourSixCoffee */;
			targetProxy = 3903A7C15C9EB33A7CCC1E13 /* PBXContainerItemProxy */;
		};
		8C79A5A8F11A14FCBB9C5858 /* PBXTargetDependency */ = {
			isa = PBXTargetDependency;
			target = 705C6D7BA25B01304043DE8E /* FourSixCoffeeLiveActivityExtension */;
			targetProxy = 8D3052ABD44674BEA32F63AE /* PBXContainerItemProxy */;
		};
/* End PBXTargetDependency section */

/* Begin XCBuildConfiguration section */
		1CEF1CD739DA1004E4FF4EC7 /* Debug */ = {
			isa = XCBuildConfiguration;
			buildSettings = {
				DEVELOPMENT_TEAM = X5LBWH4CYQ;
				INFOPLIST_FILE = Sources/FourSixCoffeeLiveActivity/Info.plist;
				IPHONEOS_DEPLOYMENT_TARGET = 26.0;
				LD_RUNPATH_SEARCH_PATHS = (
					"$(inherited)",
					"@executable_path/Frameworks",
					"@executable_path/../../Frameworks",
				);
				PRODUCT_BUNDLE_IDENTIFIER = com.hiroaki.foursixcoffee.liveactivity;
				PRODUCT_NAME = FourSixCoffeeLiveActivityExtension;
				SDKROOT = iphoneos;
				TARGETED_DEVICE_FAMILY = "1,2";
			};
			name = Debug;
		};
		4D7CD892ECE1050E7C4EF3F9 /* Release */ = {
			isa = XCBuildConfiguration;
			buildSettings = {
				ASSETCATALOG_COMPILER_APPICON_NAME = AppIcon;
				CODE_SIGN_IDENTITY = "iPhone Developer";
				DEVELOPMENT_TEAM = X5LBWH4CYQ;
				ENABLE_PREVIEWS = YES;
				INFOPLIST_FILE = Sources/FourSixCoffee/Info.plist;
				IPHONEOS_DEPLOYMENT_TARGET = 26.0;
				LD_RUNPATH_SEARCH_PATHS = (
					"$(inherited)",
					"@executable_path/Frameworks",
				);
				PRODUCT_BUNDLE_IDENTIFIER = com.hiroaki.foursixcoffee;
				PRODUCT_NAME = FourSixCoffee;
				SDKROOT = iphoneos;
				TARGETED_DEVICE_FAMILY = "1,2";
			};
			name = Release;
		};
		67FC26683A35F6785325B9D8 /* Release */ = {
			isa = XCBuildConfiguration;
			buildSettings = {
				ALWAYS_SEARCH_USER_PATHS = NO;
				ASSETCATALOG_COMPILER_APPICON_NAME = AppIcon;
				CLANG_ANALYZER_NONNULL = YES;
				CLANG_ANALYZER_NUMBER_OBJECT_CONVERSION = YES_AGGRESSIVE;
				CLANG_CXX_LANGUAGE_STANDARD = "gnu++14";
				CLANG_CXX_LIBRARY = "libc++";
				CLANG_ENABLE_MODULES = YES;
				CLANG_ENABLE_OBJC_ARC = YES;
				CLANG_ENABLE_OBJC_WEAK = YES;
				CLANG_WARN_BLOCK_CAPTURE_AUTORELEASING = YES;
				CLANG_WARN_BOOL_CONVERSION = YES;
				CLANG_WARN_COMMA = YES;
				CLANG_WARN_CONSTANT_CONVERSION = YES;
				CLANG_WARN_DEPRECATED_OBJC_IMPLEMENTATIONS = YES;
				CLANG_WARN_DIRECT_OBJC_ISA_USAGE = YES_ERROR;
				CLANG_WARN_DOCUMENTATION_COMMENTS = YES;
				CLANG_WARN_EMPTY_BODY = YES;
				CLANG_WARN_ENUM_CONVERSION = YES;
				CLANG_WARN_INFINITE_RECURSION = YES;
				CLANG_WARN_INT_CONVERSION = YES;
				CLANG_WARN_NON_LITERAL_NULL_CONVERSION = YES;
				CLANG_WARN_OBJC_IMPLICIT_RETAIN_SELF = YES;
				CLANG_WARN_OBJC_LITERAL_CONVERSION = YES;
				CLANG_WARN_OBJC_ROOT_CLASS = YES_ERROR;
				CLANG_WARN_QUOTED_INCLUDE_IN_FRAMEWORK_HEADER = YES;
				CLANG_WARN_RANGE_LOOP_ANALYSIS = YES;
				CLANG_WARN_STRICT_PROTOTYPES = YES;
				CLANG_WARN_SUSPICIOUS_MOVE = YES;
				CLANG_WARN_UNGUARDED_AVAILABILITY = YES_AGGRESSIVE;
				CLANG_WARN_UNREACHABLE_CODE = YES;
				CLANG_WARN__DUPLICATE_METHOD_MATCH = YES;
				COPY_PHASE_STRIP = NO;
				CURRENT_PROJECT_VERSION = 1;
				DEBUG_INFORMATION_FORMAT = "dwarf-with-dsym";
				ENABLE_NS_ASSERTIONS = NO;
				ENABLE_STRICT_OBJC_MSGSEND = YES;
				GCC_C_LANGUAGE_STANDARD = gnu11;
				GCC_NO_COMMON_BLOCKS = YES;
				GCC_WARN_64_TO_32_BIT_CONVERSION = YES;
				GCC_WARN_ABOUT_RETURN_TYPE = YES_ERROR;
				GCC_WARN_UNDECLARED_SELECTOR = YES;
				GCC_WARN_UNINITIALIZED_AUTOS = YES_AGGRESSIVE;
				GCC_WARN_UNUSED_FUNCTION = YES;
				GCC_WARN_UNUSED_VARIABLE = YES;
				IPHONEOS_DEPLOYMENT_TARGET = 26.0;
				MARKETING_VERSION = 0.1.0;
				MTL_ENABLE_DEBUG_INFO = NO;
				MTL_FAST_MATH = YES;
				PRODUCT_NAME = "$(TARGET_NAME)";
				SDKROOT = iphoneos;
				SWIFT_COMPILATION_MODE = wholemodule;
				SWIFT_OPTIMIZATION_LEVEL = "-O";
				SWIFT_VERSION = 6.0;
				TARGETED_DEVICE_FAMILY = 1;
			};
			name = Release;
		};
		88475BA7B4613BDFA5275756 /* Release */ = {
			isa = XCBuildConfiguration;
			buildSettings = {
				DEVELOPMENT_TEAM = X5LBWH4CYQ;
				INFOPLIST_FILE = Sources/FourSixCoffeeLiveActivity/Info.plist;
				IPHONEOS_DEPLOYMENT_TARGET = 26.0;
				LD_RUNPATH_SEARCH_PATHS = (
					"$(inherited)",
					"@executable_path/Frameworks",
					"@executable_path/../../Frameworks",
				);
				PRODUCT_BUNDLE_IDENTIFIER = com.hiroaki.foursixcoffee.liveactivity;
				PRODUCT_NAME = FourSixCoffeeLiveActivityExtension;
				SDKROOT = iphoneos;
				TARGETED_DEVICE_FAMILY = "1,2";
			};
			name = Release;
		};
		A211F9DF5D9AA29F3BE7BA77 /* Debug */ = {
			isa = XCBuildConfiguration;
			buildSettings = {
				BUNDLE_LOADER = "$(TEST_HOST)";
				GENERATE_INFOPLIST_FILE = YES;
				IPHONEOS_DEPLOYMENT_TARGET = 26.0;
				LD_RUNPATH_SEARCH_PATHS = (
					"$(inherited)",
					"@executable_path/Frameworks",
					"@loader_path/Frameworks",
				);
				SDKROOT = iphoneos;
				TARGETED_DEVICE_FAMILY = "1,2";
				TEST_HOST = "$(BUILT_PRODUCTS_DIR)/FourSixCoffee.app/FourSixCoffee";
			};
			name = Debug;
		};
		D60905436279BED49B03C2E3 /* Debug */ = {
			isa = XCBuildConfiguration;
			buildSettings = {
				ALWAYS_SEARCH_USER_PATHS = NO;
				ASSETCATALOG_COMPILER_APPICON_NAME = AppIcon;
				CLANG_ANALYZER_NONNULL = YES;
				CLANG_ANALYZER_NUMBER_OBJECT_CONVERSION = YES_AGGRESSIVE;
				CLANG_CXX_LANGUAGE_STANDARD = "gnu++14";
				CLANG_CXX_LIBRARY = "libc++";
				CLANG_ENABLE_MODULES = YES;
				CLANG_ENABLE_OBJC_ARC = YES;
				CLANG_ENABLE_OBJC_WEAK = YES;
				CLANG_WARN_BLOCK_CAPTURE_AUTORELEASING = YES;
				CLANG_WARN_BOOL_CONVERSION = YES;
				CLANG_WARN_COMMA = YES;
				CLANG_WARN_CONSTANT_CONVERSION = YES;
				CLANG_WARN_DEPRECATED_OBJC_IMPLEMENTATIONS = YES;
				CLANG_WARN_DIRECT_OBJC_ISA_USAGE = YES_ERROR;
				CLANG_WARN_DOCUMENTATION_COMMENTS = YES;
				CLANG_WARN_EMPTY_BODY = YES;
				CLANG_WARN_ENUM_CONVERSION = YES;
				CLANG_WARN_INFINITE_RECURSION = YES;
				CLANG_WARN_INT_CONVERSION = YES;
				CLANG_WARN_NON_LITERAL_NULL_CONVERSION = YES;
				CLANG_WARN_OBJC_IMPLICIT_RETAIN_SELF = YES;
				CLANG_WARN_OBJC_LITERAL_CONVERSION = YES;
				CLANG_WARN_OBJC_ROOT_CLASS = YES_ERROR;
				CLANG_WARN_QUOTED_INCLUDE_IN_FRAMEWORK_HEADER = YES;
				CLANG_WARN_RANGE_LOOP_ANALYSIS = YES;
				CLANG_WARN_STRICT_PROTOTYPES = YES;
				CLANG_WARN_SUSPICIOUS_MOVE = YES;
				CLANG_WARN_UNGUARDED_AVAILABILITY = YES_AGGRESSIVE;
				CLANG_WARN_UNREACHABLE_CODE = YES;
				CLANG_WARN__DUPLICATE_METHOD_MATCH = YES;
				COPY_PHASE_STRIP = NO;
				CURRENT_PROJECT_VERSION = 1;
				DEBUG_INFORMATION_FORMAT = dwarf;
				ENABLE_STRICT_OBJC_MSGSEND = YES;
				ENABLE_TESTABILITY = YES;
				GCC_C_LANGUAGE_STANDARD = gnu11;
				GCC_DYNAMIC_NO_PIC = NO;
				GCC_NO_COMMON_BLOCKS = YES;
				GCC_OPTIMIZATION_LEVEL = 0;
				GCC_PREPROCESSOR_DEFINITIONS = (
					"$(inherited)",
					"DEBUG=1",
				);
				GCC_WARN_64_TO_32_BIT_CONVERSION = YES;
				GCC_WARN_ABOUT_RETURN_TYPE = YES_ERROR;
				GCC_WARN_UNDECLARED_SELECTOR = YES;
				GCC_WARN_UNINITIALIZED_AUTOS = YES_AGGRESSIVE;
				GCC_WARN_UNUSED_FUNCTION = YES;
				GCC_WARN_UNUSED_VARIABLE = YES;
				IPHONEOS_DEPLOYMENT_TARGET = 26.0;
				MARKETING_VERSION = 0.1.0;
				MTL_ENABLE_DEBUG_INFO = INCLUDE_SOURCE;
				MTL_FAST_MATH = YES;
				ONLY_ACTIVE_ARCH = YES;
				PRODUCT_NAME = "$(TARGET_NAME)";
				SDKROOT = iphoneos;
				SWIFT_ACTIVE_COMPILATION_CONDITIONS = DEBUG;
				SWIFT_OPTIMIZATION_LEVEL = "-Onone";
				SWIFT_VERSION = 6.0;
				TARGETED_DEVICE_FAMILY = 1;
			};
			name = Debug;
		};
		F2FE88479416EEB836D47CE4 /* Debug */ = {
			isa = XCBuildConfiguration;
			buildSettings = {
				ASSETCATALOG_COMPILER_APPICON_NAME = AppIcon;
				CODE_SIGN_IDENTITY = "iPhone Developer";
				DEVELOPMENT_TEAM = X5LBWH4CYQ;
				ENABLE_PREVIEWS = YES;
				INFOPLIST_FILE = Sources/FourSixCoffee/Info.plist;
				IPHONEOS_DEPLOYMENT_TARGET = 26.0;
				LD_RUNPATH_SEARCH_PATHS = (
					"$(inherited)",
					"@executable_path/Frameworks",
				);
				PRODUCT_BUNDLE_IDENTIFIER = com.hiroaki.foursixcoffee;
				PRODUCT_NAME = FourSixCoffee;
				SDKROOT = iphoneos;
				TARGETED_DEVICE_FAMILY = "1,2";
			};
			name = Debug;
		};
		FBC3BB5B420F84E7BA4304EC /* Release */ = {
			isa = XCBuildConfiguration;
			buildSettings = {
				BUNDLE_LOADER = "$(TEST_HOST)";
				GENERATE_INFOPLIST_FILE = YES;
				IPHONEOS_DEPLOYMENT_TARGET = 26.0;
				LD_RUNPATH_SEARCH_PATHS = (
					"$(inherited)",
					"@executable_path/Frameworks",
					"@loader_path/Frameworks",
				);
				SDKROOT = iphoneos;
				TARGETED_DEVICE_FAMILY = "1,2";
				TEST_HOST = "$(BUILT_PRODUCTS_DIR)/FourSixCoffee.app/FourSixCoffee";
			};
			name = Release;
		};
/* End XCBuildConfiguration section */

/* Begin XCConfigurationList section */
		2A35F44C6AE30CE453C0F55C /* Build configuration list for PBXNativeTarget "FourSixCoffeeLiveActivityExtension" */ = {
			isa = XCConfigurationList;
			buildConfigurations = (
				1CEF1CD739DA1004E4FF4EC7 /* Debug */,
				88475BA7B4613BDFA5275756 /* Release */,
			);
			defaultConfigurationIsVisible = 0;
			defaultConfigurationName = Debug;
		};
		2D27AD5506D60524B7A5925C /* Build configuration list for PBXNativeTarget "FourSixCoffee" */ = {
			isa = XCConfigurationList;
			buildConfigurations = (
				F2FE88479416EEB836D47CE4 /* Debug */,
				4D7CD892ECE1050E7C4EF3F9 /* Release */,
			);
			defaultConfigurationIsVisible = 0;
			defaultConfigurationName = Debug;
		};
		800943CEBD91884A7EFD70E4 /* Build configuration list for PBXProject "FourSixCoffee" */ = {
			isa = XCConfigurationList;
			buildConfigurations = (
				D60905436279BED49B03C2E3 /* Debug */,
				67FC26683A35F6785325B9D8 /* Release */,
			);
			defaultConfigurationIsVisible = 0;
			defaultConfigurationName = Debug;
		};
		CA961227F0D9EB22F25B67ED /* Build configuration list for PBXNativeTarget "FourSixCoffeeTests" */ = {
			isa = XCConfigurationList;
			buildConfigurations = (
				A211F9DF5D9AA29F3BE7BA77 /* Debug */,
				FBC3BB5B420F84E7BA4304EC /* Release */,
			);
			defaultConfigurationIsVisible = 0;
			defaultConfigurationName = Debug;
		};
/* End XCConfigurationList section */
	};
	rootObject = 2B15AF3C007C13F5C6DFD271 /* Project object */;
}
